{"is_source_file": false, "format": "", "description": "", "external_files": [], "external_methods": [], "published": [], "classes": [], "methods": [], "calls": [], "search-terms": [], "state": 2, "file_id": 24, "knowledge_revision": 53, "git_revision": "0e82693370a579834e7f209cbc3e713dfb6b27b1", "hash": "9c4ed7ef73e22b872b8055bec08b8979", "format-version": 4, "code-base-name": "default", "filename": "tic_tac_toe_game/post_process_status.lock", "revision_history": [{"53": "0e82693370a579834e7f209cbc3e713dfb6b27b1"}]}